
Microsoft Visual Studio Solution File, Format Version 12.00
# Visual Studio Version 17
VisualStudioVersion = 17.6.33723.286
MinimumVisualStudioVersion = 10.0.40219.1
Project("{FAE04EC0-301F-11D3-BF4B-00C04F79EFBC}") = "PDC03_Final_Exam.Android", "PDC03_Final_Exam\PDC03_Final_Exam.Android\PDC03_Final_Exam.Android.csproj", "{C4AE3B6E-AD24-4C42-8CD8-1733247256D3}"
EndProject
Project("{FAE04EC0-301F-11D3-BF4B-00C04F79EFBC}") = "PDC03_Final_Exam", "PDC03_Final_Exam\PDC03_Final_Exam\PDC03_Final_Exam.csproj", "{2E1DBC23-70C2-4E0B-A329-50D3A001841B}"
EndProject
Global
	GlobalSection(SolutionConfigurationPlatforms) = preSolution
		Debug|Any CPU = Debug|Any CPU
		Release|Any CPU = Release|Any CPU
	EndGlobalSection
	GlobalSection(ProjectConfigurationPlatforms) = postSolution
		{C4AE3B6E-AD24-4C42-8CD8-1733247256D3}.Debug|Any CPU.ActiveCfg = Debug|Any CPU
		{C4AE3B6E-AD24-4C42-8CD8-1733247256D3}.Debug|Any CPU.Build.0 = Debug|Any CPU
		{C4AE3B6E-AD24-4C42-8CD8-1733247256D3}.Debug|Any CPU.Deploy.0 = Debug|Any CPU
		{C4AE3B6E-AD24-4C42-8CD8-1733247256D3}.Release|Any CPU.ActiveCfg = Release|Any CPU
		{C4AE3B6E-AD24-4C42-8CD8-1733247256D3}.Release|Any CPU.Build.0 = Release|Any CPU
		{C4AE3B6E-AD24-4C42-8CD8-1733247256D3}.Release|Any CPU.Deploy.0 = Release|Any CPU
		{2E1DBC23-70C2-4E0B-A329-50D3A001841B}.Debug|Any CPU.ActiveCfg = Debug|Any CPU
		{2E1DBC23-70C2-4E0B-A329-50D3A001841B}.Debug|Any CPU.Build.0 = Debug|Any CPU
		{2E1DBC23-70C2-4E0B-A329-50D3A001841B}.Debug|Any CPU.Deploy.0 = Debug|Any CPU
		{2E1DBC23-70C2-4E0B-A329-50D3A001841B}.Release|Any CPU.ActiveCfg = Release|Any CPU
		{2E1DBC23-70C2-4E0B-A329-50D3A001841B}.Release|Any CPU.Build.0 = Release|Any CPU
		{2E1DBC23-70C2-4E0B-A329-50D3A001841B}.Release|Any CPU.Deploy.0 = Release|Any CPU
	EndGlobalSection
	GlobalSection(SolutionProperties) = preSolution
		HideSolutionNode = FALSE
	EndGlobalSection
	GlobalSection(ExtensibilityGlobals) = postSolution
		SolutionGuid = {09A58CFE-34B1-4863-AE92-83D25B4C5BB9}
	EndGlobalSection
EndGlobal
